
Microsoft Visual Studio Solution File, Format Version 12.00
# Visual Studio 15
VisualStudioVersion = 15.0.26730.12
MinimumVisualStudioVersion = 10.0.40219.1
Project("{FAE04EC0-301F-11D3-BF4B-00C04F79EFBC}") = "Formula", "Formula\Formula.csproj", "{91F3CA05-4EAA-4CC5-A81C-FDD438A24C1E}"
EndProject
Project("{FAE04EC0-301F-11D3-BF4B-00C04F79EFBC}") = "FormulaTester", "FormulaTester\FormulaTester.csproj", "{D88A5608-F924-47A9-AAD2-5B1A96BD97D1}"
EndProject
Global
	GlobalSection(SolutionConfigurationPlatforms) = preSolution
		Debug|Any CPU = Debug|Any CPU
		Release|Any CPU = Release|Any CPU
	EndGlobalSection
	GlobalSection(ProjectConfigurationPlatforms) = postSolution
		{91F3CA05-4EAA-4CC5-A81C-FDD438A24C1E}.Debug|Any CPU.ActiveCfg = Debug|Any CPU
		{91F3CA05-4EAA-4CC5-A81C-FDD438A24C1E}.Debug|Any CPU.Build.0 = Debug|Any CPU
		{91F3CA05-4EAA-4CC5-A81C-FDD438A24C1E}.Release|Any CPU.ActiveCfg = Release|Any CPU
		{91F3CA05-4EAA-4CC5-A81C-FDD438A24C1E}.Release|Any CPU.Build.0 = Release|Any CPU
		{D88A5608-F924-47A9-AAD2-5B1A96BD97D1}.Debug|Any CPU.ActiveCfg = Debug|Any CPU
		{D88A5608-F924-47A9-AAD2-5B1A96BD97D1}.Debug|Any CPU.Build.0 = Debug|Any CPU
		{D88A5608-F924-47A9-AAD2-5B1A96BD97D1}.Release|Any CPU.ActiveCfg = Release|Any CPU
		{D88A5608-F924-47A9-AAD2-5B1A96BD97D1}.Release|Any CPU.Build.0 = Release|Any CPU
	EndGlobalSection
	GlobalSection(SolutionProperties) = preSolution
		HideSolutionNode = FALSE
	EndGlobalSection
	GlobalSection(ExtensibilityGlobals) = postSolution
		SolutionGuid = {945BD505-D35A-4462-B6B3-FCB29C3ED3F0}
	EndGlobalSection
EndGlobal
