
Microsoft Visual Studio Solution File, Format Version 12.00
# Visual Studio 15
VisualStudioVersion = 15.0.26730.12
MinimumVisualStudioVersion = 10.0.40219.1
Project("{FAE04EC0-301F-11D3-BF4B-00C04F79EFBC}") = "Resources", "Resources\Resources.csproj", "{ACFE5206-1EEB-44FC-826C-8992C81B47FB}"
EndProject
Project("{FAE04EC0-301F-11D3-BF4B-00C04F79EFBC}") = "Spreadsheet", "Spreadsheet\Spreadsheet.csproj", "{3B2523E2-1342-4946-A0CA-EABBCD504DE1}"
EndProject
Global
	GlobalSection(SolutionConfigurationPlatforms) = preSolution
		Debug|Any CPU = Debug|Any CPU
		Release|Any CPU = Release|Any CPU
	EndGlobalSection
	GlobalSection(ProjectConfigurationPlatforms) = postSolution
		{ACFE5206-1EEB-44FC-826C-8992C81B47FB}.Debug|Any CPU.ActiveCfg = Debug|Any CPU
		{ACFE5206-1EEB-44FC-826C-8992C81B47FB}.Release|Any CPU.ActiveCfg = Release|Any CPU
		{3B2523E2-1342-4946-A0CA-EABBCD504DE1}.Debug|Any CPU.ActiveCfg = Debug|Any CPU
		{3B2523E2-1342-4946-A0CA-EABBCD504DE1}.Debug|Any CPU.Build.0 = Debug|Any CPU
		{3B2523E2-1342-4946-A0CA-EABBCD504DE1}.Release|Any CPU.ActiveCfg = Release|Any CPU
		{3B2523E2-1342-4946-A0CA-EABBCD504DE1}.Release|Any CPU.Build.0 = Release|Any CPU
	EndGlobalSection
	GlobalSection(SolutionProperties) = preSolution
		HideSolutionNode = FALSE
	EndGlobalSection
	GlobalSection(ExtensibilityGlobals) = postSolution
		SolutionGuid = {F5DE5793-761D-4991-B68D-79D799D85BB1}
	EndGlobalSection
EndGlobal
